
Microsoft Visual Studio Solution File, Format Version 12.00
# Visual Studio 15
VisualStudioVersion = 15.0.27004.2008
MinimumVisualStudioVersion = 10.0.40219.1
Project("{FAE04EC0-301F-11D3-BF4B-00C04F79EFBC}") = "FabricDatabase", "FabricDatabase\FabricDatabase.csproj", "{B32ABDFF-8D66-4D71-80B3-07D5747E9D44}"
EndProject
Project("{FAE04EC0-301F-11D3-BF4B-00C04F79EFBC}") = "FabricDatabase.Tests", "FabricDatabase.Tests\FabricDatabase.Tests.csproj", "{D8778285-983E-41E7-B689-FEA216CBFD91}"
EndProject
Global
	GlobalSection(SolutionConfigurationPlatforms) = preSolution
		Debug|Any CPU = Debug|Any CPU
		Release|Any CPU = Release|Any CPU
	EndGlobalSection
	GlobalSection(ProjectConfigurationPlatforms) = postSolution
		{B32ABDFF-8D66-4D71-80B3-07D5747E9D44}.Debug|Any CPU.ActiveCfg = Debug|Any CPU
		{B32ABDFF-8D66-4D71-80B3-07D5747E9D44}.Debug|Any CPU.Build.0 = Debug|Any CPU
		{B32ABDFF-8D66-4D71-80B3-07D5747E9D44}.Release|Any CPU.ActiveCfg = Release|Any CPU
		{B32ABDFF-8D66-4D71-80B3-07D5747E9D44}.Release|Any CPU.Build.0 = Release|Any CPU
		{D8778285-983E-41E7-B689-FEA216CBFD91}.Debug|Any CPU.ActiveCfg = Debug|Any CPU
		{D8778285-983E-41E7-B689-FEA216CBFD91}.Debug|Any CPU.Build.0 = Debug|Any CPU
		{D8778285-983E-41E7-B689-FEA216CBFD91}.Release|Any CPU.ActiveCfg = Release|Any CPU
		{D8778285-983E-41E7-B689-FEA216CBFD91}.Release|Any CPU.Build.0 = Release|Any CPU
	EndGlobalSection
	GlobalSection(SolutionProperties) = preSolution
		HideSolutionNode = FALSE
	EndGlobalSection
	GlobalSection(ExtensibilityGlobals) = postSolution
		SolutionGuid = {9C9395E4-233D-4476-9EBF-7DC180C4F575}
	EndGlobalSection
EndGlobal
